
Microsoft Visual Studio Solution File, Format Version 12.00
# Visual Studio Version 16
VisualStudioVersion = 16.0.28803.156
MinimumVisualStudioVersion = 10.0.40219.1
Project("{FAE04EC0-301F-11D3-BF4B-00C04F79EFBC}") = "sisVentas", "sisVentas.csproj", "{AD89640A-376D-4079-8511-8FEEFC7A54D4}"
EndProject
Project("{FAE04EC0-301F-11D3-BF4B-00C04F79EFBC}") = "Datos", "..\Datos\Datos.csproj", "{80238F2B-9803-40C2-B159-95118BA57E05}"
EndProject
Project("{FAE04EC0-301F-11D3-BF4B-00C04F79EFBC}") = "Negocio", "..\Negocio\Negocio.csproj", "{A1C3B450-8241-4E7D-A270-FC3DA5F4DC49}"
EndProject
Project("{FAE04EC0-301F-11D3-BF4B-00C04F79EFBC}") = "Presentacion", "..\Presentacion\Presentacion.csproj", "{87FF6807-45C7-4D0D-9AF7-A4B79642E05C}"
EndProject
Global
	GlobalSection(SolutionConfigurationPlatforms) = preSolution
		Debug|Any CPU = Debug|Any CPU
		Release|Any CPU = Release|Any CPU
	EndGlobalSection
	GlobalSection(ProjectConfigurationPlatforms) = postSolution
		{AD89640A-376D-4079-8511-8FEEFC7A54D4}.Debug|Any CPU.ActiveCfg = Debug|Any CPU
		{AD89640A-376D-4079-8511-8FEEFC7A54D4}.Debug|Any CPU.Build.0 = Debug|Any CPU
		{AD89640A-376D-4079-8511-8FEEFC7A54D4}.Release|Any CPU.ActiveCfg = Release|Any CPU
		{AD89640A-376D-4079-8511-8FEEFC7A54D4}.Release|Any CPU.Build.0 = Release|Any CPU
		{80238F2B-9803-40C2-B159-95118BA57E05}.Debug|Any CPU.ActiveCfg = Debug|Any CPU
		{80238F2B-9803-40C2-B159-95118BA57E05}.Debug|Any CPU.Build.0 = Debug|Any CPU
		{80238F2B-9803-40C2-B159-95118BA57E05}.Release|Any CPU.ActiveCfg = Release|Any CPU
		{80238F2B-9803-40C2-B159-95118BA57E05}.Release|Any CPU.Build.0 = Release|Any CPU
		{A1C3B450-8241-4E7D-A270-FC3DA5F4DC49}.Debug|Any CPU.ActiveCfg = Debug|Any CPU
		{A1C3B450-8241-4E7D-A270-FC3DA5F4DC49}.Debug|Any CPU.Build.0 = Debug|Any CPU
		{A1C3B450-8241-4E7D-A270-FC3DA5F4DC49}.Release|Any CPU.ActiveCfg = Release|Any CPU
		{A1C3B450-8241-4E7D-A270-FC3DA5F4DC49}.Release|Any CPU.Build.0 = Release|Any CPU
		{87FF6807-45C7-4D0D-9AF7-A4B79642E05C}.Debug|Any CPU.ActiveCfg = Debug|Any CPU
		{87FF6807-45C7-4D0D-9AF7-A4B79642E05C}.Debug|Any CPU.Build.0 = Debug|Any CPU
		{87FF6807-45C7-4D0D-9AF7-A4B79642E05C}.Release|Any CPU.ActiveCfg = Release|Any CPU
		{87FF6807-45C7-4D0D-9AF7-A4B79642E05C}.Release|Any CPU.Build.0 = Release|Any CPU
	EndGlobalSection
	GlobalSection(SolutionProperties) = preSolution
		HideSolutionNode = FALSE
	EndGlobalSection
	GlobalSection(ExtensibilityGlobals) = postSolution
		SolutionGuid = {74789864-BB4A-41FD-B696-09BA69680352}
	EndGlobalSection
EndGlobal
